// !$*UTF8*$!
{
	archiveVersion = 1;
	classes = {
	};
	objectVersion = 46;
	objects = {

/* Begin PBXBuildFile section */
		A663D8AA1C44C19E005E62F4 /* AppDelegate.swift in Sources */ = {isa = PBXBuildFile; fileRef = A663D8A91C44C19E005E62F4 /* AppDelegate.swift */; };
		A663D8AC1C44C19E005E62F4 /* ViewController.swift in Sources */ = {isa = PBXBuildFile; fileRef = A663D8AB1C44C19E005E62F4 /* ViewController.swift */; };
		A663D8AF1C44C19E005E62F4 /* Main.storyboard in Resources */ = {isa = PBXBuildFile; fileRef = A663D8AD1C44C19E005E62F4 /* Main.storyboard */; };
		A663D8B11C44C19E005E62F4 /* Assets.xcassets in Resources */ = {isa = PBXBuildFile; fileRef = A663D8B01C44C19E005E62F4 /* Assets.xcassets */; };
		A663D8B41C44C19E005E62F4 /* LaunchScreen.storyboard in Resources */ = {isa = PBXBuildFile; fileRef = A663D8B21C44C19E005E62F4 /* LaunchScreen.storyboard */; };
/* End PBXBuildFile section */

/* Begin PBXFileReference section */
		A663D8A61C44C19E005E62F4 /* CameraTrace.app */ = {isa = PBXFileReference; explicitFileType = wrapper.application; includeInIndex = 0; path = CameraTrace.app; sourceTree = BUILT_PRODUCTS_DIR; };
		A663D8A91C44C19E005E62F4 /* AppDelegate.swift */ = {isa = PBXFileReference; lastKnownFileType = sourcecode.swift; path = AppDelegate.swift; sourceTree = "<group>"; };
		A663D8AB1C44C19E005E62F4 /* ViewController.swift */ = {isa = PBXFileReference; lastKnownFileType = sourcecode.swift; path = ViewController.swift; sourceTree = "<group>"; };
		A663D8AE1C44C19E005E62F4 /* Base */ = {isa = PBXFileReference; lastKnownFileType = file.storyboard; name = Base; path = Base.lproj/Main.storyboard; sourceTree = "<group>"; };
		A663D8B01C44C19E005E62F4 /* Assets.xcassets */ = {isa = PBXFileReference; lastKnownFileType = folder.assetcatalog; path = Assets.xcassets; sourceTree = "<group>"; };
		A663D8B31C44C19E005E62F4 /* Base */ = {isa = PBXFileReference; lastKnownFileType = file.storyboard; name = Base; path = Base.lproj/LaunchScreen.storyboard; sourceTree = "<group>"; };
		A663D8B51C44C19E005E62F4 /* Info.plist */ = {isa = PBXFileReference; lastKnownFileType = text.plist.xml; path = Info.plist; sourceTree = "<group>"; };
/* End PBXFileReference section */

/* Begin PBXFrameworksBuildPhase section */
		A663D8A31C44C19E005E62F4 /* Frameworks */ = {
			isa = PBXFrameworksBuildPhase;
			buildActionMask = 2147483647;
			files = (
			);
			runOnlyForDeploymentPostprocessing = 0;
		};
/* End PBXFrameworksBuildPhase section */

/* Begin PBXGroup section */
		A663D89D1C44C19E005E62F4 = {
			isa = PBXGroup;
			children = (
				A663D8A81C44C19E005E62F4 /* CameraTrace */,
				A663D8A71C44C19E005E62F4 /* Products */,
			);
			sourceTree = "<group>";
		};
		A663D8A71C44C19E005E62F4 /* Products */ = {
			isa = PBXGroup;
			children = (
				A663D8A61C44C19E005E62F4 /* CameraTrace.app */,
			);
			name = Products;
			sourceTree = "<group>";
		};
		A663D8A81C44C19E005E62F4 /* CameraTrace */ = {
			isa = PBXGroup;
			children = (
				A663D8A91C44C19E005E62F4 /* AppDelegate.swift */,
				A663D8AB1C44C19E005E62F4 /* ViewController.swift */,
				A663D8AD1C44C19E005E62F4 /* Main.storyboard */,
				A663D8B01C44C19E005E62F4 /* Assets.xcassets */,
				A663D8B21C44C19E005E62F4 /* LaunchScreen.storyboard */,
				A663D8B51C44C19E005E62F4 /* Info.plist */,
			);
			path = CameraTrace;
			sourceTree = "<group>";
		};
/* End PBXGroup section */

/* Begin PBXNativeTarget section */
		A663D8A51C44C19E005E62F4 /* CameraTrace */ = {
			isa = PBXNativeTarget;
			buildConfigurationList = A663D8B81C44C19E005E62F4 /* Build configuration list for PBXNativeTarget "CameraTrace" */;
			buildPhases = (
				A663D8A21C44C19E005E62F4 /* Sources */,
				A663D8A31C44C19E005E62F4 /* Frameworks */,
				A663D8A41C44C19E005E62F4 /* Resources */,
			);
			buildRules = (
			);
			dependencies = (
			);
			name = CameraTrace;
			productName = CameraTrace;
			productReference = A663D8A61C44C19E005E62F4 /* CameraTrace.app */;
			productType = "com.apple.product-type.application";
		};
/* End PBXNativeTarget section */

/* Begin PBXProject section */
		A663D89E1C44C19E005E62F4 /* Project object */ = {
			isa = PBXProject;
			attributes = {
				LastSwiftUpdateCheck = 0720;
				LastUpgradeCheck = 0720;
				ORGANIZATIONNAME = DNT;
				TargetAttributes = {
					A663D8A51C44C19E005E62F4 = {
						CreatedOnToolsVersion = 7.2;
					};
				};
			};
			buildConfigurationList = A663D8A11C44C19E005E62F4 /* Build configuration list for PBXProject "CameraTrace" */;
			compatibilityVersion = "Xcode 3.2";
			developmentRegion = English;
			hasScannedForEncodings = 0;
			knownRegions = (
				en,
				Base,
			);
			mainGroup = A663D89D1C44C19E005E62F4;
			productRefGroup = A663D8A71C44C19E005E62F4 /* Products */;
			projectDirPath = "";
			projectRoot = "";
			targets = (
				A663D8A51C44C19E005E62F4 /* CameraTrace */,
			);
		};
/* End PBXProject section */

/* Begin PBXResourcesBuildPhase section */
		A663D8A41C44C19E005E62F4 /* Resources */ = {
			isa = PBXResourcesBuildPhase;
			buildActionMask = 2147483647;
			files = (
				A663D8B41C44C19E005E62F4 /* LaunchScreen.storyboard in Resources */,
				A663D8B11C44C19E005E62F4 /* Assets.xcassets in Resources */,
				A663D8AF1C44C19E005E62F4 /* Main.storyboard in Resources */,
			);
			runOnlyForDeploymentPostprocessing = 0;
		};
/* End PBXResourcesBuildPhase section */

/* Begin PBXSourcesBuildPhase section */
		A663D8A21C44C19E005E62F4 /* Sources */ = {
			isa = PBXSourcesBuildPhase;
			buildActionMask = 2147483647;
			files = (
				A663D8AC1C44C19E005E62F4 /* ViewController.swift in Sources */,
				A663D8AA1C44C19E005E62F4 /* AppDelegate.swift in Sources */,
			);
			runOnlyForDeploymentPostprocessing = 0;
		};
/* End PBXSourcesBuildPhase section */

/* Begin PBXVariantGroup section */
		A663D8AD1C44C19E005E62F4 /* Main.storyboard */ = {
			isa = PBXVariantGroup;
			children = (
				A663D8AE1C44C19E005E62F4 /* Base */,
			);
			name = Main.storyboard;
			sourceTree = "<group>";
		};
		A663D8B21C44C19E005E62F4 /* LaunchScreen.storyboard */ = {
			isa = PBXVariantGroup;
			children = (
				A663D8B31C44C19E005E62F4 /* Base */,
			);
			name = LaunchScreen.storyboard;
			sourceTree = "<group>";
		};
/* End PBXVariantGroup section */

/* Begin XCBuildConfiguration section */
		A663D8B61C44C19E005E62F4 /* Debug */ = {
			isa = XCBuildConfiguration;
			buildSettings = {
				ALWAYS_SEARCH_USER_PATHS = NO;
				CLANG_CXX_LANGUAGE_STANDARD = "gnu++0x";
				CLANG_CXX_LIBRARY = "libc++";
				CLANG_ENABLE_MODULES = YES;
				CLANG_ENABLE_OBJC_ARC = YES;
				CLANG_WARN_BOOL_CONVERSION = YES;
				CLANG_WARN_CONSTANT_CONVERSION = YES;
				CLANG_WARN_DIRECT_OBJC_ISA_USAGE = YES_ERROR;
				CLANG_WARN_EMPTY_BODY = YES;
				CLANG_WARN_ENUM_CONVERSION = YES;
				CLANG_WARN_INT_CONVERSION = YES;
				CLANG_WARN_OBJC_ROOT_CLASS = YES_ERROR;
				CLANG_WARN_UNREACHABLE_CODE = YES;
				CLANG_WARN__DUPLICATE_METHOD_MATCH = YES;
				"CODE_SIGN_IDENTITY[sdk=iphoneos*]" = "iPhone Developer";
				COPY_PHASE_STRIP = NO;
				DEBUG_INFORMATION_FORMAT = dwarf;
				ENABLE_STRICT_OBJC_MSGSEND = YES;
				ENABLE_TESTABILITY = YES;
				GCC_C_LANGUAGE_STANDARD = gnu99;
				GCC_DYNAMIC_NO_PIC = NO;
				GCC_NO_COMMON_BLOCKS = YES;
				GCC_OPTIMIZATION_LEVEL = 0;
				GCC_PREPROCESSOR_DEFINITIONS = (
					"DEBUG=1",
					"$(inherited)",
				);
				GCC_WARN_64_TO_32_BIT_CONVERSION = YES;
				GCC_WARN_ABOUT_RETURN_TYPE = YES_ERROR;
				GCC_WARN_UNDECLARED_SELECTOR = YES;
				GCC_WARN_UNINITIALIZED_AUTOS = YES_AGGRESSIVE;
				GCC_WARN_UNUSED_FUNCTION = YES;
				GCC_WARN_UNUSED_VARIABLE = YES;
				IPHONEOS_DEPLOYMENT_TARGET = 9.2;
				MTL_ENABLE_DEBUG_INFO = YES;
				ONLY_ACTIVE_ARCH = YES;
				SDKROOT = iphoneos;
				SWIFT_OPTIMIZATION_LEVEL = "-Onone";
			};
			name = Debug;
		};
		A663D8B71C44C19E005E62F4 /* Release */ = {
			isa = XCBuildConfiguration;
			buildSettings = {
				ALWAYS_SEARCH_USER_PATHS = NO;
				CLANG_CXX_LANGUAGE_STANDARD = "gnu++0x";
				CLANG_CXX_LIBRARY = "libc++";
				CLANG_ENABLE_MODULES = YES;
				CLANG_ENABLE_OBJC_ARC = YES;
				CLANG_WARN_BOOL_CONVERSION = YES;
				CLANG_WARN_CONSTANT_CONVERSION = YES;
				CLANG_WARN_DIRECT_OBJC_ISA_USAGE = YES_ERROR;
				CLANG_WARN_EMPTY_BODY = YES;
				CLANG_WARN_ENUM_CONVERSION = YES;
				CLANG_WARN_INT_CONVERSION = YES;
				CLANG_WARN_OBJC_ROOT_CLASS = YES_ERROR;
				CLANG_WARN_UNREACHABLE_CODE = YES;
				CLANG_WARN__DUPLICATE_METHOD_MATCH = YES;
				"CODE_SIGN_IDENTITY[sdk=iphoneos*]" = "iPhone Developer";
				COPY_PHASE_STRIP = NO;
				DEBUG_INFORMATION_FORMAT = "dwarf-with-dsym";
				ENABLE_NS_ASSERTIONS = NO;
				ENABLE_STRICT_OBJC_MSGSEND = YES;
				GCC_C_LANGUAGE_STANDARD = gnu99;
				GCC_NO_COMMON_BLOCKS = YES;
				GCC_WARN_64_TO_32_BIT_CONVERSION = YES;
				GCC_WARN_ABOUT_RETURN_TYPE = YES_ERROR;
				GCC_WARN_UNDECLARED_SELECTOR = YES;
				GCC_WARN_UNINITIALIZED_AUTOS = YES_AGGRESSIVE;
				GCC_WARN_UNUSED_FUNCTION = YES;
				GCC_WARN_UNUSED_VARIABLE = YES;
				IPHONEOS_DEPLOYMENT_TARGET = 9.2;
				MTL_ENABLE_DEBUG_INFO = NO;
				SDKROOT = iphoneos;
				VALIDATE_PRODUCT = YES;
			};
			name = Release;
		};
		A663D8B91C44C19E005E62F4 /* Debug */ = {
			isa = XCBuildConfiguration;
			buildSettings = {
				ASSETCATALOG_COMPILER_APPICON_NAME = AppIcon;
				INFOPLIST_FILE = CameraTrace/Info.plist;
				LD_RUNPATH_SEARCH_PATHS = "$(inherited) @executable_path/Frameworks";
				PRODUCT_BUNDLE_IDENTIFIER = com.davidandty.CameraTrace;
				PRODUCT_NAME = "$(TARGET_NAME)";
			};
			name = Debug;
		};
		A663D8BA1C44C19E005E62F4 /* Release */ = {
			isa = XCBuildConfiguration;
			buildSettings = {
				ASSETCATALOG_COMPILER_APPICON_NAME = AppIcon;
				INFOPLIST_FILE = CameraTrace/Info.plist;
				LD_RUNPATH_SEARCH_PATHS = "$(inherited) @executable_path/Frameworks";
				PRODUCT_BUNDLE_IDENTIFIER = com.davidandty.CameraTrace;
				PRODUCT_NAME = "$(TARGET_NAME)";
			};
			name = Release;
		};
/* End XCBuildConfiguration section */

/* Begin XCConfigurationList section */
		A663D8A11C44C19E005E62F4 /* Build configuration list for PBXProject "CameraTrace" */ = {
			isa = XCConfigurationList;
			buildConfigurations = (
				A663D8B61C44C19E005E62F4 /* Debug */,
				A663D8B71C44C19E005E62F4 /* Release */,
			);
			defaultConfigurationIsVisible = 0;
			defaultConfigurationName = Release;
		};
		A663D8B81C44C19E005E62F4 /* Build configuration list for PBXNativeTarget "CameraTrace" */ = {
			isa = XCConfigurationList;
			buildConfigurations = (
				A663D8B91C44C19E005E62F4 /* Debug */,
				A663D8BA1C44C19E005E62F4 /* Release */,
			);
			defaultConfigurationIsVisible = 0;
		};
/* End XCConfigurationList section */
	};
	rootObject = A663D89E1C44C19E005E62F4 /* Project object */;
}
