// !$*UTF8*$!
{
	archiveVersion = 1;
	classes = {
	};
	objectVersion = 46;
	objects = {

/* Begin PBXBuildFile section */
		A63F91971C4884E900F2CF1E /* ObjcUtils.m in Sources */ = {isa = PBXBuildFile; fileRef = A63F91961C4884E900F2CF1E /* ObjcUtils.m */; };
		A663D8AA1C44C19E005E62F4 /* AppDelegate.swift in Sources */ = {isa = PBXBuildFile; fileRef = A663D8A91C44C19E005E62F4 /* AppDelegate.swift */; };
		A663D8AC1C44C19E005E62F4 /* IndexViewController.swift in Sources */ = {isa = PBXBuildFile; fileRef = A663D8AB1C44C19E005E62F4 /* IndexViewController.swift */; };
		A663D8B11C44C19E005E62F4 /* Assets.xcassets in Resources */ = {isa = PBXBuildFile; fileRef = A663D8B01C44C19E005E62F4 /* Assets.xcassets */; };
		A663D8B41C44C19E005E62F4 /* LaunchScreen.storyboard in Resources */ = {isa = PBXBuildFile; fileRef = A663D8B21C44C19E005E62F4 /* LaunchScreen.storyboard */; };
		A663D8C61C44CD67005E62F4 /* WDDBService.swift in Sources */ = {isa = PBXBuildFile; fileRef = A663D8C51C44CD67005E62F4 /* WDDBService.swift */; };
		A663D8C91C44DE71005E62F4 /* Trace.swift in Sources */ = {isa = PBXBuildFile; fileRef = A663D8C81C44DE71005E62F4 /* Trace.swift */; };
		A663D8CB1C44DE7E005E62F4 /* Point.swift in Sources */ = {isa = PBXBuildFile; fileRef = A663D8CA1C44DE7E005E62F4 /* Point.swift */; };
		A663D8CD1C44DFE0005E62F4 /* WDLocationManager.swift in Sources */ = {isa = PBXBuildFile; fileRef = A663D8CC1C44DFE0005E62F4 /* WDLocationManager.swift */; };
		A663D8CF1C44E003005E62F4 /* CoreLocation.framework in Frameworks */ = {isa = PBXBuildFile; fileRef = A663D8CE1C44E003005E62F4 /* CoreLocation.framework */; };
		A663D8E51C463561005E62F4 /* ALCameraView.strings in Resources */ = {isa = PBXBuildFile; fileRef = A663D8D11C463561005E62F4 /* ALCameraView.strings */; };
		A663D8E61C463561005E62F4 /* ALCameraViewAssets.xcassets in Resources */ = {isa = PBXBuildFile; fileRef = A663D8D21C463561005E62F4 /* ALCameraViewAssets.xcassets */; };
		A663D8E71C463561005E62F4 /* ALImageModel.swift in Sources */ = {isa = PBXBuildFile; fileRef = A663D8D41C463561005E62F4 /* ALImageModel.swift */; };
		A663D8E81C463561005E62F4 /* ALCameraShot.swift in Sources */ = {isa = PBXBuildFile; fileRef = A663D8D61C463561005E62F4 /* ALCameraShot.swift */; };
		A663D8E91C463561005E62F4 /* ALImageExtensions.swift in Sources */ = {isa = PBXBuildFile; fileRef = A663D8D71C463561005E62F4 /* ALImageExtensions.swift */; };
		A663D8EA1C463561005E62F4 /* ALImageFetchingInteractor.swift in Sources */ = {isa = PBXBuildFile; fileRef = A663D8D81C463561005E62F4 /* ALImageFetchingInteractor.swift */; };
		A663D8EB1C463561005E62F4 /* ALUtilities.swift in Sources */ = {isa = PBXBuildFile; fileRef = A663D8D91C463561005E62F4 /* ALUtilities.swift */; };
		A663D8EC1C463561005E62F4 /* ALCameraViewController.swift in Sources */ = {isa = PBXBuildFile; fileRef = A663D8DB1C463561005E62F4 /* ALCameraViewController.swift */; };
		A663D8ED1C463561005E62F4 /* ALConfirmViewController.swift in Sources */ = {isa = PBXBuildFile; fileRef = A663D8DC1C463561005E62F4 /* ALConfirmViewController.swift */; };
		A663D8EE1C463561005E62F4 /* ALConfirmViewController.xib in Resources */ = {isa = PBXBuildFile; fileRef = A663D8DD1C463561005E62F4 /* ALConfirmViewController.xib */; };
		A663D8EF1C463561005E62F4 /* ALImagePickerViewController.swift in Sources */ = {isa = PBXBuildFile; fileRef = A663D8DE1C463561005E62F4 /* ALImagePickerViewController.swift */; };
		A663D8F01C463561005E62F4 /* ALImagePickerViewDelegate.swift in Sources */ = {isa = PBXBuildFile; fileRef = A663D8DF1C463561005E62F4 /* ALImagePickerViewDelegate.swift */; };
		A663D8F11C463561005E62F4 /* ALCameraView.swift in Sources */ = {isa = PBXBuildFile; fileRef = A663D8E11C463561005E62F4 /* ALCameraView.swift */; };
		A663D8F21C463561005E62F4 /* ALCropOverlay.swift in Sources */ = {isa = PBXBuildFile; fileRef = A663D8E21C463561005E62F4 /* ALCropOverlay.swift */; };
		A663D8F31C463561005E62F4 /* ALImageCell.swift in Sources */ = {isa = PBXBuildFile; fileRef = A663D8E31C463561005E62F4 /* ALImageCell.swift */; };
		A663D8F41C463561005E62F4 /* ALPermissionsView.swift in Sources */ = {isa = PBXBuildFile; fileRef = A663D8E41C463561005E62F4 /* ALPermissionsView.swift */; };
		A663D8F61C4635E9005E62F4 /* ViewController.xib in Resources */ = {isa = PBXBuildFile; fileRef = A663D8F51C4635E9005E62F4 /* ViewController.xib */; };
		A663D8F81C46360A005E62F4 /* ViewController.swift in Sources */ = {isa = PBXBuildFile; fileRef = A663D8F71C46360A005E62F4 /* ViewController.swift */; };
		A663D8FA1C4639B5005E62F4 /* Photo.swift in Sources */ = {isa = PBXBuildFile; fileRef = A663D8F91C4639B5005E62F4 /* Photo.swift */; };
		A6962D9C1C61E99900400EEE /* QiniuUploadAPI.swift in Sources */ = {isa = PBXBuildFile; fileRef = A6962D9B1C61E99900400EEE /* QiniuUploadAPI.swift */; };
		A6B76B511C5F5F840024439F /* TraceAPI.swift in Sources */ = {isa = PBXBuildFile; fileRef = A6B76B501C5F5F840024439F /* TraceAPI.swift */; };
		D6A7904C3D2A620E9EDD9D60 /* Pods_CameraTrace.framework in Frameworks */ = {isa = PBXBuildFile; fileRef = D3CAFD307655D6DFF7AC1E3F /* Pods_CameraTrace.framework */; };
/* End PBXBuildFile section */

/* Begin PBXFileReference section */
		7A3F41C29755303359182E96 /* Pods-CameraTrace.debug.xcconfig */ = {isa = PBXFileReference; includeInIndex = 1; lastKnownFileType = text.xcconfig; name = "Pods-CameraTrace.debug.xcconfig"; path = "Pods/Target Support Files/Pods-CameraTrace/Pods-CameraTrace.debug.xcconfig"; sourceTree = "<group>"; };
		80588DDDEE433E59F15633C9 /* Pods-CameraTrace.release.xcconfig */ = {isa = PBXFileReference; includeInIndex = 1; lastKnownFileType = text.xcconfig; name = "Pods-CameraTrace.release.xcconfig"; path = "Pods/Target Support Files/Pods-CameraTrace/Pods-CameraTrace.release.xcconfig"; sourceTree = "<group>"; };
		A63F91941C4884E800F2CF1E /* CameraTrace-Bridging-Header.h */ = {isa = PBXFileReference; lastKnownFileType = sourcecode.c.h; path = "CameraTrace-Bridging-Header.h"; sourceTree = "<group>"; };
		A63F91951C4884E900F2CF1E /* ObjcUtils.h */ = {isa = PBXFileReference; fileEncoding = 4; lastKnownFileType = sourcecode.c.h; path = ObjcUtils.h; sourceTree = "<group>"; };
		A63F91961C4884E900F2CF1E /* ObjcUtils.m */ = {isa = PBXFileReference; fileEncoding = 4; lastKnownFileType = sourcecode.c.objc; path = ObjcUtils.m; sourceTree = "<group>"; };
		A663D8A61C44C19E005E62F4 /* CameraTrace.app */ = {isa = PBXFileReference; explicitFileType = wrapper.application; includeInIndex = 0; path = CameraTrace.app; sourceTree = BUILT_PRODUCTS_DIR; };
		A663D8A91C44C19E005E62F4 /* AppDelegate.swift */ = {isa = PBXFileReference; lastKnownFileType = sourcecode.swift; path = AppDelegate.swift; sourceTree = "<group>"; };
		A663D8AB1C44C19E005E62F4 /* IndexViewController.swift */ = {isa = PBXFileReference; lastKnownFileType = sourcecode.swift; path = IndexViewController.swift; sourceTree = "<group>"; };
		A663D8B01C44C19E005E62F4 /* Assets.xcassets */ = {isa = PBXFileReference; lastKnownFileType = folder.assetcatalog; path = Assets.xcassets; sourceTree = "<group>"; };
		A663D8B31C44C19E005E62F4 /* Base */ = {isa = PBXFileReference; lastKnownFileType = file.storyboard; name = Base; path = Base.lproj/LaunchScreen.storyboard; sourceTree = "<group>"; };
		A663D8B51C44C19E005E62F4 /* Info.plist */ = {isa = PBXFileReference; lastKnownFileType = text.plist.xml; path = Info.plist; sourceTree = "<group>"; };
		A663D8C51C44CD67005E62F4 /* WDDBService.swift */ = {isa = PBXFileReference; fileEncoding = 4; lastKnownFileType = sourcecode.swift; path = WDDBService.swift; sourceTree = "<group>"; };
		A663D8C81C44DE71005E62F4 /* Trace.swift */ = {isa = PBXFileReference; fileEncoding = 4; lastKnownFileType = sourcecode.swift; path = Trace.swift; sourceTree = "<group>"; };
		A663D8CA1C44DE7E005E62F4 /* Point.swift */ = {isa = PBXFileReference; fileEncoding = 4; lastKnownFileType = sourcecode.swift; path = Point.swift; sourceTree = "<group>"; };
		A663D8CC1C44DFE0005E62F4 /* WDLocationManager.swift */ = {isa = PBXFileReference; fileEncoding = 4; lastKnownFileType = sourcecode.swift; path = WDLocationManager.swift; sourceTree = "<group>"; };
		A663D8CE1C44E003005E62F4 /* CoreLocation.framework */ = {isa = PBXFileReference; lastKnownFileType = wrapper.framework; name = CoreLocation.framework; path = System/Library/Frameworks/CoreLocation.framework; sourceTree = SDKROOT; };
		A663D8D11C463561005E62F4 /* ALCameraView.strings */ = {isa = PBXFileReference; fileEncoding = 4; lastKnownFileType = text.plist.strings; path = ALCameraView.strings; sourceTree = "<group>"; };
		A663D8D21C463561005E62F4 /* ALCameraViewAssets.xcassets */ = {isa = PBXFileReference; lastKnownFileType = folder.assetcatalog; path = ALCameraViewAssets.xcassets; sourceTree = "<group>"; };
		A663D8D41C463561005E62F4 /* ALImageModel.swift */ = {isa = PBXFileReference; fileEncoding = 4; lastKnownFileType = sourcecode.swift; path = ALImageModel.swift; sourceTree = "<group>"; };
		A663D8D61C463561005E62F4 /* ALCameraShot.swift */ = {isa = PBXFileReference; fileEncoding = 4; lastKnownFileType = sourcecode.swift; path = ALCameraShot.swift; sourceTree = "<group>"; };
		A663D8D71C463561005E62F4 /* ALImageExtensions.swift */ = {isa = PBXFileReference; fileEncoding = 4; lastKnownFileType = sourcecode.swift; path = ALImageExtensions.swift; sourceTree = "<group>"; };
		A663D8D81C463561005E62F4 /* ALImageFetchingInteractor.swift */ = {isa = PBXFileReference; fileEncoding = 4; lastKnownFileType = sourcecode.swift; path = ALImageFetchingInteractor.swift; sourceTree = "<group>"; };
		A663D8D91C463561005E62F4 /* ALUtilities.swift */ = {isa = PBXFileReference; fileEncoding = 4; lastKnownFileType = sourcecode.swift; path = ALUtilities.swift; sourceTree = "<group>"; };
		A663D8DB1C463561005E62F4 /* ALCameraViewController.swift */ = {isa = PBXFileReference; fileEncoding = 4; lastKnownFileType = sourcecode.swift; path = ALCameraViewController.swift; sourceTree = "<group>"; };
		A663D8DC1C463561005E62F4 /* ALConfirmViewController.swift */ = {isa = PBXFileReference; fileEncoding = 4; lastKnownFileType = sourcecode.swift; path = ALConfirmViewController.swift; sourceTree = "<group>"; };
		A663D8DD1C463561005E62F4 /* ALConfirmViewController.xib */ = {isa = PBXFileReference; fileEncoding = 4; lastKnownFileType = file.xib; path = ALConfirmViewController.xib; sourceTree = "<group>"; };
		A663D8DE1C463561005E62F4 /* ALImagePickerViewController.swift */ = {isa = PBXFileReference; fileEncoding = 4; lastKnownFileType = sourcecode.swift; path = ALImagePickerViewController.swift; sourceTree = "<group>"; };
		A663D8DF1C463561005E62F4 /* ALImagePickerViewDelegate.swift */ = {isa = PBXFileReference; fileEncoding = 4; lastKnownFileType = sourcecode.swift; path = ALImagePickerViewDelegate.swift; sourceTree = "<group>"; };
		A663D8E11C463561005E62F4 /* ALCameraView.swift */ = {isa = PBXFileReference; fileEncoding = 4; lastKnownFileType = sourcecode.swift; path = ALCameraView.swift; sourceTree = "<group>"; };
		A663D8E21C463561005E62F4 /* ALCropOverlay.swift */ = {isa = PBXFileReference; fileEncoding = 4; lastKnownFileType = sourcecode.swift; path = ALCropOverlay.swift; sourceTree = "<group>"; };
		A663D8E31C463561005E62F4 /* ALImageCell.swift */ = {isa = PBXFileReference; fileEncoding = 4; lastKnownFileType = sourcecode.swift; path = ALImageCell.swift; sourceTree = "<group>"; };
		A663D8E41C463561005E62F4 /* ALPermissionsView.swift */ = {isa = PBXFileReference; fileEncoding = 4; lastKnownFileType = sourcecode.swift; path = ALPermissionsView.swift; sourceTree = "<group>"; };
		A663D8F51C4635E9005E62F4 /* ViewController.xib */ = {isa = PBXFileReference; fileEncoding = 4; lastKnownFileType = file.xib; path = ViewController.xib; sourceTree = "<group>"; };
		A663D8F71C46360A005E62F4 /* ViewController.swift */ = {isa = PBXFileReference; fileEncoding = 4; lastKnownFileType = sourcecode.swift; path = ViewController.swift; sourceTree = "<group>"; };
		A663D8F91C4639B5005E62F4 /* Photo.swift */ = {isa = PBXFileReference; fileEncoding = 4; lastKnownFileType = sourcecode.swift; path = Photo.swift; sourceTree = "<group>"; };
		A6962D9B1C61E99900400EEE /* QiniuUploadAPI.swift */ = {isa = PBXFileReference; fileEncoding = 4; lastKnownFileType = sourcecode.swift; path = QiniuUploadAPI.swift; sourceTree = "<group>"; };
		A6B76B501C5F5F840024439F /* TraceAPI.swift */ = {isa = PBXFileReference; fileEncoding = 4; lastKnownFileType = sourcecode.swift; path = TraceAPI.swift; sourceTree = "<group>"; };
		D3CAFD307655D6DFF7AC1E3F /* Pods_CameraTrace.framework */ = {isa = PBXFileReference; explicitFileType = wrapper.framework; includeInIndex = 0; path = Pods_CameraTrace.framework; sourceTree = BUILT_PRODUCTS_DIR; };
/* End PBXFileReference section */

/* Begin PBXFrameworksBuildPhase section */
		A663D8A31C44C19E005E62F4 /* Frameworks */ = {
			isa = PBXFrameworksBuildPhase;
			buildActionMask = 2147483647;
			files = (
				A663D8CF1C44E003005E62F4 /* CoreLocation.framework in Frameworks */,
				D6A7904C3D2A620E9EDD9D60 /* Pods_CameraTrace.framework in Frameworks */,
			);
			runOnlyForDeploymentPostprocessing = 0;
		};
/* End PBXFrameworksBuildPhase section */

/* Begin PBXGroup section */
		6CCAA33F39ACB0923A731D7E /* Pods */ = {
			isa = PBXGroup;
			children = (
				7A3F41C29755303359182E96 /* Pods-CameraTrace.debug.xcconfig */,
				80588DDDEE433E59F15633C9 /* Pods-CameraTrace.release.xcconfig */,
			);
			name = Pods;
			sourceTree = "<group>";
		};
		8A227D11F0D130A4775B4471 /* Frameworks */ = {
			isa = PBXGroup;
			children = (
				A663D8CE1C44E003005E62F4 /* CoreLocation.framework */,
				D3CAFD307655D6DFF7AC1E3F /* Pods_CameraTrace.framework */,
			);
			name = Frameworks;
			sourceTree = "<group>";
		};
		A63F91931C4884CF00F2CF1E /* Objc */ = {
			isa = PBXGroup;
			children = (
				A63F91951C4884E900F2CF1E /* ObjcUtils.h */,
				A63F91961C4884E900F2CF1E /* ObjcUtils.m */,
				A63F91941C4884E800F2CF1E /* CameraTrace-Bridging-Header.h */,
			);
			name = Objc;
			sourceTree = "<group>";
		};
		A663D89D1C44C19E005E62F4 = {
			isa = PBXGroup;
			children = (
				A663D8A81C44C19E005E62F4 /* CameraTrace */,
				A663D8A71C44C19E005E62F4 /* Products */,
				6CCAA33F39ACB0923A731D7E /* Pods */,
				8A227D11F0D130A4775B4471 /* Frameworks */,
			);
			sourceTree = "<group>";
		};
		A663D8A71C44C19E005E62F4 /* Products */ = {
			isa = PBXGroup;
			children = (
				A663D8A61C44C19E005E62F4 /* CameraTrace.app */,
			);
			name = Products;
			sourceTree = "<group>";
		};
		A663D8A81C44C19E005E62F4 /* CameraTrace */ = {
			isa = PBXGroup;
			children = (
				A63F91931C4884CF00F2CF1E /* Objc */,
				A663D8D01C463561005E62F4 /* ALCameraViewController */,
				A663D8C71C44DE5B005E62F4 /* Model */,
				A663D8C41C44CD50005E62F4 /* Service */,
				A663D8A91C44C19E005E62F4 /* AppDelegate.swift */,
				A663D8AB1C44C19E005E62F4 /* IndexViewController.swift */,
				A663D8F71C46360A005E62F4 /* ViewController.swift */,
				A663D8F51C4635E9005E62F4 /* ViewController.xib */,
				A663D8B01C44C19E005E62F4 /* Assets.xcassets */,
				A663D8B21C44C19E005E62F4 /* LaunchScreen.storyboard */,
				A663D8B51C44C19E005E62F4 /* Info.plist */,
			);
			path = CameraTrace;
			sourceTree = "<group>";
		};
		A663D8C41C44CD50005E62F4 /* Service */ = {
			isa = PBXGroup;
			children = (
				A663D8C51C44CD67005E62F4 /* WDDBService.swift */,
				A663D8CC1C44DFE0005E62F4 /* WDLocationManager.swift */,
				A6B76B501C5F5F840024439F /* TraceAPI.swift */,
				A6962D9B1C61E99900400EEE /* QiniuUploadAPI.swift */,
			);
			name = Service;
			sourceTree = "<group>";
		};
		A663D8C71C44DE5B005E62F4 /* Model */ = {
			isa = PBXGroup;
			children = (
				A663D8C81C44DE71005E62F4 /* Trace.swift */,
				A663D8CA1C44DE7E005E62F4 /* Point.swift */,
				A663D8F91C4639B5005E62F4 /* Photo.swift */,
			);
			name = Model;
			sourceTree = "<group>";
		};
		A663D8D01C463561005E62F4 /* ALCameraViewController */ = {
			isa = PBXGroup;
			children = (
				A663D8D11C463561005E62F4 /* ALCameraView.strings */,
				A663D8D21C463561005E62F4 /* ALCameraViewAssets.xcassets */,
				A663D8D31C463561005E62F4 /* Models */,
				A663D8D51C463561005E62F4 /* Utilities */,
				A663D8DA1C463561005E62F4 /* ViewController */,
				A663D8E01C463561005E62F4 /* Views */,
			);
			path = ALCameraViewController;
			sourceTree = "<group>";
		};
		A663D8D31C463561005E62F4 /* Models */ = {
			isa = PBXGroup;
			children = (
				A663D8D41C463561005E62F4 /* ALImageModel.swift */,
			);
			path = Models;
			sourceTree = "<group>";
		};
		A663D8D51C463561005E62F4 /* Utilities */ = {
			isa = PBXGroup;
			children = (
				A663D8D61C463561005E62F4 /* ALCameraShot.swift */,
				A663D8D71C463561005E62F4 /* ALImageExtensions.swift */,
				A663D8D81C463561005E62F4 /* ALImageFetchingInteractor.swift */,
				A663D8D91C463561005E62F4 /* ALUtilities.swift */,
			);
			path = Utilities;
			sourceTree = "<group>";
		};
		A663D8DA1C463561005E62F4 /* ViewController */ = {
			isa = PBXGroup;
			children = (
				A663D8DB1C463561005E62F4 /* ALCameraViewController.swift */,
				A663D8DC1C463561005E62F4 /* ALConfirmViewController.swift */,
				A663D8DD1C463561005E62F4 /* ALConfirmViewController.xib */,
				A663D8DE1C463561005E62F4 /* ALImagePickerViewController.swift */,
				A663D8DF1C463561005E62F4 /* ALImagePickerViewDelegate.swift */,
			);
			path = ViewController;
			sourceTree = "<group>";
		};
		A663D8E01C463561005E62F4 /* Views */ = {
			isa = PBXGroup;
			children = (
				A663D8E11C463561005E62F4 /* ALCameraView.swift */,
				A663D8E21C463561005E62F4 /* ALCropOverlay.swift */,
				A663D8E31C463561005E62F4 /* ALImageCell.swift */,
				A663D8E41C463561005E62F4 /* ALPermissionsView.swift */,
			);
			path = Views;
			sourceTree = "<group>";
		};
/* End PBXGroup section */

/* Begin PBXNativeTarget section */
		A663D8A51C44C19E005E62F4 /* CameraTrace */ = {
			isa = PBXNativeTarget;
			buildConfigurationList = A663D8B81C44C19E005E62F4 /* Build configuration list for PBXNativeTarget "CameraTrace" */;
			buildPhases = (
				9A01241421E0E325B4B71F9D /* Check Pods Manifest.lock */,
				A663D8A21C44C19E005E62F4 /* Sources */,
				A663D8A31C44C19E005E62F4 /* Frameworks */,
				A663D8A41C44C19E005E62F4 /* Resources */,
				A6752C42DAD0E322D34CB12B /* Embed Pods Frameworks */,
				0925F850EBEAD36BFFBB2A23 /* Copy Pods Resources */,
			);
			buildRules = (
			);
			dependencies = (
			);
			name = CameraTrace;
			productName = CameraTrace;
			productReference = A663D8A61C44C19E005E62F4 /* CameraTrace.app */;
			productType = "com.apple.product-type.application";
		};
/* End PBXNativeTarget section */

/* Begin PBXProject section */
		A663D89E1C44C19E005E62F4 /* Project object */ = {
			isa = PBXProject;
			attributes = {
				LastSwiftUpdateCheck = 0720;
				LastUpgradeCheck = 0720;
				ORGANIZATIONNAME = DNT;
				TargetAttributes = {
					A663D8A51C44C19E005E62F4 = {
						CreatedOnToolsVersion = 7.2;
						DevelopmentTeam = L6U7BB57HF;
					};
				};
			};
			buildConfigurationList = A663D8A11C44C19E005E62F4 /* Build configuration list for PBXProject "CameraTrace" */;
			compatibilityVersion = "Xcode 3.2";
			developmentRegion = English;
			hasScannedForEncodings = 0;
			knownRegions = (
				en,
				Base,
			);
			mainGroup = A663D89D1C44C19E005E62F4;
			productRefGroup = A663D8A71C44C19E005E62F4 /* Products */;
			projectDirPath = "";
			projectRoot = "";
			targets = (
				A663D8A51C44C19E005E62F4 /* CameraTrace */,
			);
		};
/* End PBXProject section */

/* Begin PBXResourcesBuildPhase section */
		A663D8A41C44C19E005E62F4 /* Resources */ = {
			isa = PBXResourcesBuildPhase;
			buildActionMask = 2147483647;
			files = (
				A663D8F61C4635E9005E62F4 /* ViewController.xib in Resources */,
				A663D8B41C44C19E005E62F4 /* LaunchScreen.storyboard in Resources */,
				A663D8E51C463561005E62F4 /* ALCameraView.strings in Resources */,
				A663D8EE1C463561005E62F4 /* ALConfirmViewController.xib in Resources */,
				A663D8E61C463561005E62F4 /* ALCameraViewAssets.xcassets in Resources */,
				A663D8B11C44C19E005E62F4 /* Assets.xcassets in Resources */,
			);
			runOnlyForDeploymentPostprocessing = 0;
		};
/* End PBXResourcesBuildPhase section */

/* Begin PBXShellScriptBuildPhase section */
		0925F850EBEAD36BFFBB2A23 /* Copy Pods Resources */ = {
			isa = PBXShellScriptBuildPhase;
			buildActionMask = 2147483647;
			files = (
			);
			inputPaths = (
			);
			name = "Copy Pods Resources";
			outputPaths = (
			);
			runOnlyForDeploymentPostprocessing = 0;
			shellPath = /bin/sh;
			shellScript = "\"${SRCROOT}/Pods/Target Support Files/Pods-CameraTrace/Pods-CameraTrace-resources.sh\"\n";
			showEnvVarsInLog = 0;
		};
		9A01241421E0E325B4B71F9D /* Check Pods Manifest.lock */ = {
			isa = PBXShellScriptBuildPhase;
			buildActionMask = 2147483647;
			files = (
			);
			inputPaths = (
			);
			name = "Check Pods Manifest.lock";
			outputPaths = (
			);
			runOnlyForDeploymentPostprocessing = 0;
			shellPath = /bin/sh;
			shellScript = "diff \"${PODS_ROOT}/../Podfile.lock\" \"${PODS_ROOT}/Manifest.lock\" > /dev/null\nif [[ $? != 0 ]] ; then\n    cat << EOM\nerror: The sandbox is not in sync with the Podfile.lock. Run 'pod install' or update your CocoaPods installation.\nEOM\n    exit 1\nfi\n";
			showEnvVarsInLog = 0;
		};
		A6752C42DAD0E322D34CB12B /* Embed Pods Frameworks */ = {
			isa = PBXShellScriptBuildPhase;
			buildActionMask = 2147483647;
			files = (
			);
			inputPaths = (
			);
			name = "Embed Pods Frameworks";
			outputPaths = (
			);
			runOnlyForDeploymentPostprocessing = 0;
			shellPath = /bin/sh;
			shellScript = "\"${SRCROOT}/Pods/Target Support Files/Pods-CameraTrace/Pods-CameraTrace-frameworks.sh\"\n";
			showEnvVarsInLog = 0;
		};
/* End PBXShellScriptBuildPhase section */

/* Begin PBXSourcesBuildPhase section */
		A663D8A21C44C19E005E62F4 /* Sources */ = {
			isa = PBXSourcesBuildPhase;
			buildActionMask = 2147483647;
			files = (
				A663D8FA1C4639B5005E62F4 /* Photo.swift in Sources */,
				A663D8F01C463561005E62F4 /* ALImagePickerViewDelegate.swift in Sources */,
				A663D8EC1C463561005E62F4 /* ALCameraViewController.swift in Sources */,
				A663D8AC1C44C19E005E62F4 /* IndexViewController.swift in Sources */,
				A663D8E81C463561005E62F4 /* ALCameraShot.swift in Sources */,
				A663D8CD1C44DFE0005E62F4 /* WDLocationManager.swift in Sources */,
				A663D8CB1C44DE7E005E62F4 /* Point.swift in Sources */,
				A663D8EB1C463561005E62F4 /* ALUtilities.swift in Sources */,
				A663D8F21C463561005E62F4 /* ALCropOverlay.swift in Sources */,
				A663D8C91C44DE71005E62F4 /* Trace.swift in Sources */,
				A663D8EF1C463561005E62F4 /* ALImagePickerViewController.swift in Sources */,
				A663D8F81C46360A005E62F4 /* ViewController.swift in Sources */,
				A6962D9C1C61E99900400EEE /* QiniuUploadAPI.swift in Sources */,
				A6B76B511C5F5F840024439F /* TraceAPI.swift in Sources */,
				A663D8F31C463561005E62F4 /* ALImageCell.swift in Sources */,
				A663D8EA1C463561005E62F4 /* ALImageFetchingInteractor.swift in Sources */,
				A663D8ED1C463561005E62F4 /* ALConfirmViewController.swift in Sources */,
				A663D8C61C44CD67005E62F4 /* WDDBService.swift in Sources */,
				A663D8AA1C44C19E005E62F4 /* AppDelegate.swift in Sources */,
				A663D8E91C463561005E62F4 /* ALImageExtensions.swift in Sources */,
				A663D8F11C463561005E62F4 /* ALCameraView.swift in Sources */,
				A63F91971C4884E900F2CF1E /* ObjcUtils.m in Sources */,
				A663D8F41C463561005E62F4 /* ALPermissionsView.swift in Sources */,
				A663D8E71C463561005E62F4 /* ALImageModel.swift in Sources */,
			);
			runOnlyForDeploymentPostprocessing = 0;
		};
/* End PBXSourcesBuildPhase section */

/* Begin PBXVariantGroup section */
		A663D8B21C44C19E005E62F4 /* LaunchScreen.storyboard */ = {
			isa = PBXVariantGroup;
			children = (
				A663D8B31C44C19E005E62F4 /* Base */,
			);
			name = LaunchScreen.storyboard;
			sourceTree = "<group>";
		};
/* End PBXVariantGroup section */

/* Begin XCBuildConfiguration section */
		A663D8B61C44C19E005E62F4 /* Debug */ = {
			isa = XCBuildConfiguration;
			buildSettings = {
				ALWAYS_SEARCH_USER_PATHS = NO;
				CLANG_CXX_LANGUAGE_STANDARD = "gnu++0x";
				CLANG_CXX_LIBRARY = "libc++";
				CLANG_ENABLE_MODULES = YES;
				CLANG_ENABLE_OBJC_ARC = YES;
				CLANG_WARN_BOOL_CONVERSION = YES;
				CLANG_WARN_CONSTANT_CONVERSION = YES;
				CLANG_WARN_DIRECT_OBJC_ISA_USAGE = YES_ERROR;
				CLANG_WARN_EMPTY_BODY = YES;
				CLANG_WARN_ENUM_CONVERSION = YES;
				CLANG_WARN_INT_CONVERSION = YES;
				CLANG_WARN_OBJC_ROOT_CLASS = YES_ERROR;
				CLANG_WARN_UNREACHABLE_CODE = YES;
				CLANG_WARN__DUPLICATE_METHOD_MATCH = YES;
				"CODE_SIGN_IDENTITY[sdk=iphoneos*]" = "iPhone Developer";
				COPY_PHASE_STRIP = NO;
				DEBUG_INFORMATION_FORMAT = dwarf;
				ENABLE_STRICT_OBJC_MSGSEND = YES;
				ENABLE_TESTABILITY = YES;
				GCC_C_LANGUAGE_STANDARD = gnu99;
				GCC_DYNAMIC_NO_PIC = NO;
				GCC_NO_COMMON_BLOCKS = YES;
				GCC_OPTIMIZATION_LEVEL = 0;
				GCC_PREPROCESSOR_DEFINITIONS = (
					"DEBUG=1",
					"$(inherited)",
				);
				GCC_WARN_64_TO_32_BIT_CONVERSION = YES;
				GCC_WARN_ABOUT_RETURN_TYPE = YES_ERROR;
				GCC_WARN_UNDECLARED_SELECTOR = YES;
				GCC_WARN_UNINITIALIZED_AUTOS = YES_AGGRESSIVE;
				GCC_WARN_UNUSED_FUNCTION = YES;
				GCC_WARN_UNUSED_VARIABLE = YES;
				IPHONEOS_DEPLOYMENT_TARGET = 9.2;
				MTL_ENABLE_DEBUG_INFO = YES;
				ONLY_ACTIVE_ARCH = YES;
				SDKROOT = iphoneos;
				SWIFT_OPTIMIZATION_LEVEL = "-Onone";
			};
			name = Debug;
		};
		A663D8B71C44C19E005E62F4 /* Release */ = {
			isa = XCBuildConfiguration;
			buildSettings = {
				ALWAYS_SEARCH_USER_PATHS = NO;
				CLANG_CXX_LANGUAGE_STANDARD = "gnu++0x";
				CLANG_CXX_LIBRARY = "libc++";
				CLANG_ENABLE_MODULES = YES;
				CLANG_ENABLE_OBJC_ARC = YES;
				CLANG_WARN_BOOL_CONVERSION = YES;
				CLANG_WARN_CONSTANT_CONVERSION = YES;
				CLANG_WARN_DIRECT_OBJC_ISA_USAGE = YES_ERROR;
				CLANG_WARN_EMPTY_BODY = YES;
				CLANG_WARN_ENUM_CONVERSION = YES;
				CLANG_WARN_INT_CONVERSION = YES;
				CLANG_WARN_OBJC_ROOT_CLASS = YES_ERROR;
				CLANG_WARN_UNREACHABLE_CODE = YES;
				CLANG_WARN__DUPLICATE_METHOD_MATCH = YES;
				"CODE_SIGN_IDENTITY[sdk=iphoneos*]" = "iPhone Developer";
				COPY_PHASE_STRIP = NO;
				DEBUG_INFORMATION_FORMAT = "dwarf-with-dsym";
				ENABLE_NS_ASSERTIONS = NO;
				ENABLE_STRICT_OBJC_MSGSEND = YES;
				GCC_C_LANGUAGE_STANDARD = gnu99;
				GCC_NO_COMMON_BLOCKS = YES;
				GCC_WARN_64_TO_32_BIT_CONVERSION = YES;
				GCC_WARN_ABOUT_RETURN_TYPE = YES_ERROR;
				GCC_WARN_UNDECLARED_SELECTOR = YES;
				GCC_WARN_UNINITIALIZED_AUTOS = YES_AGGRESSIVE;
				GCC_WARN_UNUSED_FUNCTION = YES;
				GCC_WARN_UNUSED_VARIABLE = YES;
				IPHONEOS_DEPLOYMENT_TARGET = 9.2;
				MTL_ENABLE_DEBUG_INFO = NO;
				SDKROOT = iphoneos;
				VALIDATE_PRODUCT = YES;
			};
			name = Release;
		};
		A663D8B91C44C19E005E62F4 /* Debug */ = {
			isa = XCBuildConfiguration;
			baseConfigurationReference = 7A3F41C29755303359182E96 /* Pods-CameraTrace.debug.xcconfig */;
			buildSettings = {
				ASSETCATALOG_COMPILER_APPICON_NAME = AppIcon;
				ASSETCATALOG_COMPILER_LAUNCHIMAGE_NAME = LaunchImage;
				CLANG_ENABLE_MODULES = YES;
				CODE_SIGN_IDENTITY = "iPhone Developer";
				"CODE_SIGN_IDENTITY[sdk=iphoneos*]" = "iPhone Developer";
				INFOPLIST_FILE = CameraTrace/Info.plist;
				LD_RUNPATH_SEARCH_PATHS = "$(inherited) @executable_path/Frameworks";
				PRODUCT_BUNDLE_IDENTIFIER = com.runmaf.cameratrace;
				PRODUCT_NAME = "$(TARGET_NAME)";
				PROVISIONING_PROFILE = "";
				SWIFT_OBJC_BRIDGING_HEADER = "CameraTrace/CameraTrace-Bridging-Header.h";
				SWIFT_OPTIMIZATION_LEVEL = "-Onone";
			};
			name = Debug;
		};
		A663D8BA1C44C19E005E62F4 /* Release */ = {
			isa = XCBuildConfiguration;
			baseConfigurationReference = 80588DDDEE433E59F15633C9 /* Pods-CameraTrace.release.xcconfig */;
			buildSettings = {
				ASSETCATALOG_COMPILER_APPICON_NAME = AppIcon;
				ASSETCATALOG_COMPILER_LAUNCHIMAGE_NAME = LaunchImage;
				CLANG_ENABLE_MODULES = YES;
				CODE_SIGN_IDENTITY = "iPhone Developer";
				"CODE_SIGN_IDENTITY[sdk=iphoneos*]" = "iPhone Developer";
				INFOPLIST_FILE = CameraTrace/Info.plist;
				LD_RUNPATH_SEARCH_PATHS = "$(inherited) @executable_path/Frameworks";
				PRODUCT_BUNDLE_IDENTIFIER = com.runmaf.cameratrace;
				PRODUCT_NAME = "$(TARGET_NAME)";
				PROVISIONING_PROFILE = "";
				SWIFT_OBJC_BRIDGING_HEADER = "CameraTrace/CameraTrace-Bridging-Header.h";
			};
			name = Release;
		};
/* End XCBuildConfiguration section */

/* Begin XCConfigurationList section */
		A663D8A11C44C19E005E62F4 /* Build configuration list for PBXProject "CameraTrace" */ = {
			isa = XCConfigurationList;
			buildConfigurations = (
				A663D8B61C44C19E005E62F4 /* Debug */,
				A663D8B71C44C19E005E62F4 /* Release */,
			);
			defaultConfigurationIsVisible = 0;
			defaultConfigurationName = Release;
		};
		A663D8B81C44C19E005E62F4 /* Build configuration list for PBXNativeTarget "CameraTrace" */ = {
			isa = XCConfigurationList;
			buildConfigurations = (
				A663D8B91C44C19E005E62F4 /* Debug */,
				A663D8BA1C44C19E005E62F4 /* Release */,
			);
			defaultConfigurationIsVisible = 0;
			defaultConfigurationName = Release;
		};
/* End XCConfigurationList section */
	};
	rootObject = A663D89E1C44C19E005E62F4 /* Project object */;
}
